// !$*UTF8*$!
{
	archiveVersion = 1;
	classes = {
	};
	objectVersion = 56;
	objects = {

/* Begin PBXBuildFile section */
		D5DA658F2ABF6F41006CBEE2 /* project_1App.swift in Sources */ = {isa = PBXBuildFile; fileRef = D5DA658E2ABF6F41006CBEE2 /* project_1App.swift */; };
		D5DA65912ABF6F41006CBEE2 /* ContentView.swift in Sources */ = {isa = PBXBuildFile; fileRef = D5DA65902ABF6F41006CBEE2 /* ContentView.swift */; };
		D5DA65932ABF6F41006CBEE2 /* Item.swift in Sources */ = {isa = PBXBuildFile; fileRef = D5DA65922ABF6F41006CBEE2 /* Item.swift */; };
		D5DA65952ABF6F42006CBEE2 /* Assets.xcassets in Resources */ = {isa = PBXBuildFile; fileRef = D5DA65942ABF6F42006CBEE2 /* Assets.xcassets */; };
		D5DA65992ABF6F42006CBEE2 /* Preview Assets.xcassets in Resources */ = {isa = PBXBuildFile; fileRef = D5DA65982ABF6F42006CBEE2 /* Preview Assets.xcassets */; };
		D5DA65A32ABF6F42006CBEE2 /* project_1Tests.swift in Sources */ = {isa = PBXBuildFile; fileRef = D5DA65A22ABF6F42006CBEE2 /* project_1Tests.swift */; };
		D5DA65AD2ABF6F42006CBEE2 /* project_1UITests.swift in Sources */ = {isa = PBXBuildFile; fileRef = D5DA65AC2ABF6F42006CBEE2 /* project_1UITests.swift */; };
		D5DA65AF2ABF6F42006CBEE2 /* project_1UITestsLaunchTests.swift in Sources */ = {isa = PBXBuildFile; fileRef = D5DA65AE2ABF6F42006CBEE2 /* project_1UITestsLaunchTests.swift */; };
/* End PBXBuildFile section */

/* Begin PBXContainerItemProxy section */
		D5DA659F2ABF6F42006CBEE2 /* PBXContainerItemProxy */ = {
			isa = PBXContainerItemProxy;
			containerPortal = D5DA65832ABF6F41006CBEE2 /* Project object */;
			proxyType = 1;
			remoteGlobalIDString = D5DA658A2ABF6F41006CBEE2;
			remoteInfo = "project 1";
		};
		D5DA65A92ABF6F42006CBEE2 /* PBXContainerItemProxy */ = {
			isa = PBXContainerItemProxy;
			containerPortal = D5DA65832ABF6F41006CBEE2 /* Project object */;
			proxyType = 1;
			remoteGlobalIDString = D5DA658A2ABF6F41006CBEE2;
			remoteInfo = "project 1";
		};
/* End PBXContainerItemProxy section */

/* Begin PBXFileReference section */
		D5DA658B2ABF6F41006CBEE2 /* project 1.app */ = {isa = PBXFileReference; explicitFileType = wrapper.application; includeInIndex = 0; path = "project 1.app"; sourceTree = BUILT_PRODUCTS_DIR; };
		D5DA658E2ABF6F41006CBEE2 /* project_1App.swift */ = {isa = PBXFileReference; lastKnownFileType = sourcecode.swift; path = project_1App.swift; sourceTree = "<group>"; };
		D5DA65902ABF6F41006CBEE2 /* ContentView.swift */ = {isa = PBXFileReference; lastKnownFileType = sourcecode.swift; path = ContentView.swift; sourceTree = "<group>"; };
		D5DA65922ABF6F41006CBEE2 /* Item.swift */ = {isa = PBXFileReference; lastKnownFileType = sourcecode.swift; path = Item.swift; sourceTree = "<group>"; };
		D5DA65942ABF6F42006CBEE2 /* Assets.xcassets */ = {isa = PBXFileReference; lastKnownFileType = folder.assetcatalog; path = Assets.xcassets; sourceTree = "<group>"; };
		D5DA65962ABF6F42006CBEE2 /* project_1.entitlements */ = {isa = PBXFileReference; lastKnownFileType = text.plist.entitlements; path = project_1.entitlements; sourceTree = "<group>"; };
		D5DA65982ABF6F42006CBEE2 /* Preview Assets.xcassets */ = {isa = PBXFileReference; lastKnownFileType = folder.assetcatalog; path = "Preview Assets.xcassets"; sourceTree = "<group>"; };
		D5DA659E2ABF6F42006CBEE2 /* project 1Tests.xctest */ = {isa = PBXFileReference; explicitFileType = wrapper.cfbundle; includeInIndex = 0; path = "project 1Tests.xctest"; sourceTree = BUILT_PRODUCTS_DIR; };
		D5DA65A22ABF6F42006CBEE2 /* project_1Tests.swift */ = {isa = PBXFileReference; lastKnownFileType = sourcecode.swift; path = project_1Tests.swift; sourceTree = "<group>"; };
		D5DA65A82ABF6F42006CBEE2 /* project 1UITests.xctest */ = {isa = PBXFileReference; explicitFileType = wrapper.cfbundle; includeInIndex = 0; path = "project 1UITests.xctest"; sourceTree = BUILT_PRODUCTS_DIR; };
		D5DA65AC2ABF6F42006CBEE2 /* project_1UITests.swift */ = {isa = PBXFileReference; lastKnownFileType = sourcecode.swift; path = project_1UITests.swift; sourceTree = "<group>"; };
		D5DA65AE2ABF6F42006CBEE2 /* project_1UITestsLaunchTests.swift */ = {isa = PBXFileReference; lastKnownFileType = sourcecode.swift; path = project_1UITestsLaunchTests.swift; sourceTree = "<group>"; };
/* End PBXFileReference section */

/* Begin PBXFrameworksBuildPhase section */
		D5DA65882ABF6F41006CBEE2 /* Frameworks */ = {
			isa = PBXFrameworksBuildPhase;
			buildActionMask = 2147483647;
			files = (
			);
			runOnlyForDeploymentPostprocessing = 0;
		};
		D5DA659B2ABF6F42006CBEE2 /* Frameworks */ = {
			isa = PBXFrameworksBuildPhase;
			buildActionMask = 2147483647;
			files = (
			);
			runOnlyForDeploymentPostprocessing = 0;
		};
		D5DA65A52ABF6F42006CBEE2 /* Frameworks */ = {
			isa = PBXFrameworksBuildPhase;
			buildActionMask = 2147483647;
			files = (
			);
			runOnlyForDeploymentPostprocessing = 0;
		};
/* End PBXFrameworksBuildPhase section */

/* Begin PBXGroup section */
		D5DA65822ABF6F41006CBEE2 = {
			isa = PBXGroup;
			children = (
				D5DA658D2ABF6F41006CBEE2 /* project 1 */,
				D5DA65A12ABF6F42006CBEE2 /* project 1Tests */,
				D5DA65AB2ABF6F42006CBEE2 /* project 1UITests */,
				D5DA658C2ABF6F41006CBEE2 /* Products */,
			);
			sourceTree = "<group>";
		};
		D5DA658C2ABF6F41006CBEE2 /* Products */ = {
			isa = PBXGroup;
			children = (
				D5DA658B2ABF6F41006CBEE2 /* project 1.app */,
				D5DA659E2ABF6F42006CBEE2 /* project 1Tests.xctest */,
				D5DA65A82ABF6F42006CBEE2 /* project 1UITests.xctest */,
			);
			name = Products;
			sourceTree = "<group>";
		};
		D5DA658D2ABF6F41006CBEE2 /* project 1 */ = {
			isa = PBXGroup;
			children = (
				D5DA658E2ABF6F41006CBEE2 /* project_1App.swift */,
				D5DA65902ABF6F41006CBEE2 /* ContentView.swift */,
				D5DA65922ABF6F41006CBEE2 /* Item.swift */,
				D5DA65942ABF6F42006CBEE2 /* Assets.xcassets */,
				D5DA65962ABF6F42006CBEE2 /* project_1.entitlements */,
				D5DA65972ABF6F42006CBEE2 /* Preview Content */,
			);
			path = "project 1";
			sourceTree = "<group>";
		};
		D5DA65972ABF6F42006CBEE2 /* Preview Content */ = {
			isa = PBXGroup;
			children = (
				D5DA65982ABF6F42006CBEE2 /* Preview Assets.xcassets */,
			);
			path = "Preview Content";
			sourceTree = "<group>";
		};
		D5DA65A12ABF6F42006CBEE2 /* project 1Tests */ = {
			isa = PBXGroup;
			children = (
				D5DA65A22ABF6F42006CBEE2 /* project_1Tests.swift */,
			);
			path = "project 1Tests";
			sourceTree = "<group>";
		};
		D5DA65AB2ABF6F42006CBEE2 /* project 1UITests */ = {
			isa = PBXGroup;
			children = (
				D5DA65AC2ABF6F42006CBEE2 /* project_1UITests.swift */,
				D5DA65AE2ABF6F42006CBEE2 /* project_1UITestsLaunchTests.swift */,
			);
			path = "project 1UITests";
			sourceTree = "<group>";
		};
/* End PBXGroup section */

/* Begin PBXNativeTarget section */
		D5DA658A2ABF6F41006CBEE2 /* project 1 */ = {
			isa = PBXNativeTarget;
			buildConfigurationList = D5DA65B22ABF6F42006CBEE2 /* Build configuration list for PBXNativeTarget "project 1" */;
			buildPhases = (
				D5DA65872ABF6F41006CBEE2 /* Sources */,
				D5DA65882ABF6F41006CBEE2 /* Frameworks */,
				D5DA65892ABF6F41006CBEE2 /* Resources */,
			);
			buildRules = (
			);
			dependencies = (
			);
			name = "project 1";
			productName = "project 1";
			productReference = D5DA658B2ABF6F41006CBEE2 /* project 1.app */;
			productType = "com.apple.product-type.application";
		};
		D5DA659D2ABF6F42006CBEE2 /* project 1Tests */ = {
			isa = PBXNativeTarget;
			buildConfigurationList = D5DA65B52ABF6F42006CBEE2 /* Build configuration list for PBXNativeTarget "project 1Tests" */;
			buildPhases = (
				D5DA659A2ABF6F42006CBEE2 /* Sources */,
				D5DA659B2ABF6F42006CBEE2 /* Frameworks */,
				D5DA659C2ABF6F42006CBEE2 /* Resources */,
			);
			buildRules = (
			);
			dependencies = (
				D5DA65A02ABF6F42006CBEE2 /* PBXTargetDependency */,
			);
			name = "project 1Tests";
			productName = "project 1Tests";
			productReference = D5DA659E2ABF6F42006CBEE2 /* project 1Tests.xctest */;
			productType = "com.apple.product-type.bundle.unit-test";
		};
		D5DA65A72ABF6F42006CBEE2 /* project 1UITests */ = {
			isa = PBXNativeTarget;
			buildConfigurationList = D5DA65B82ABF6F42006CBEE2 /* Build configuration list for PBXNativeTarget "project 1UITests" */;
			buildPhases = (
				D5DA65A42ABF6F42006CBEE2 /* Sources */,
				D5DA65A52ABF6F42006CBEE2 /* Frameworks */,
				D5DA65A62ABF6F42006CBEE2 /* Resources */,
			);
			buildRules = (
			);
			dependencies = (
				D5DA65AA2ABF6F42006CBEE2 /* PBXTargetDependency */,
			);
			name = "project 1UITests";
			productName = "project 1UITests";
			productReference = D5DA65A82ABF6F42006CBEE2 /* project 1UITests.xctest */;
			productType = "com.apple.product-type.bundle.ui-testing";
		};
/* End PBXNativeTarget section */

/* Begin PBXProject section */
		D5DA65832ABF6F41006CBEE2 /* Project object */ = {
			isa = PBXProject;
			attributes = {
				BuildIndependentTargetsInParallel = 1;
				LastSwiftUpdateCheck = 1500;
				LastUpgradeCheck = 1500;
				TargetAttributes = {
					D5DA658A2ABF6F41006CBEE2 = {
						CreatedOnToolsVersion = 15.0;
					};
					D5DA659D2ABF6F42006CBEE2 = {
						CreatedOnToolsVersion = 15.0;
						TestTargetID = D5DA658A2ABF6F41006CBEE2;
					};
					D5DA65A72ABF6F42006CBEE2 = {
						CreatedOnToolsVersion = 15.0;
						TestTargetID = D5DA658A2ABF6F41006CBEE2;
					};
				};
			};
			buildConfigurationList = D5DA65862ABF6F41006CBEE2 /* Build configuration list for PBXProject "project 1" */;
			compatibilityVersion = "Xcode 14.0";
			developmentRegion = en;
			hasScannedForEncodings = 0;
			knownRegions = (
				en,
				Base,
			);
			mainGroup = D5DA65822ABF6F41006CBEE2;
			productRefGroup = D5DA658C2ABF6F41006CBEE2 /* Products */;
			projectDirPath = "";
			projectRoot = "";
			targets = (
				D5DA658A2ABF6F41006CBEE2 /* project 1 */,
				D5DA659D2ABF6F42006CBEE2 /* project 1Tests */,
				D5DA65A72ABF6F42006CBEE2 /* project 1UITests */,
			);
		};
/* End PBXProject section */

/* Begin PBXResourcesBuildPhase section */
		D5DA65892ABF6F41006CBEE2 /* Resources */ = {
			isa = PBXResourcesBuildPhase;
			buildActionMask = 2147483647;
			files = (
				D5DA65992ABF6F42006CBEE2 /* Preview Assets.xcassets in Resources */,
				D5DA65952ABF6F42006CBEE2 /* Assets.xcassets in Resources */,
			);
			runOnlyForDeploymentPostprocessing = 0;
		};
		D5DA659C2ABF6F42006CBEE2 /* Resources */ = {
			isa = PBXResourcesBuildPhase;
			buildActionMask = 2147483647;
			files = (
			);
			runOnlyForDeploymentPostprocessing = 0;
		};
		D5DA65A62ABF6F42006CBEE2 /* Resources */ = {
			isa = PBXResourcesBuildPhase;
			buildActionMask = 2147483647;
			files = (
			);
			runOnlyForDeploymentPostprocessing = 0;
		};
/* End PBXResourcesBuildPhase section */

/* Begin PBXSourcesBuildPhase section */
		D5DA65872ABF6F41006CBEE2 /* Sources */ = {
			isa = PBXSourcesBuildPhase;
			buildActionMask = 2147483647;
			files = (
				D5DA65912ABF6F41006CBEE2 /* ContentView.swift in Sources */,
				D5DA65932ABF6F41006CBEE2 /* Item.swift in Sources */,
				D5DA658F2ABF6F41006CBEE2 /* project_1App.swift in Sources */,
			);
			runOnlyForDeploymentPostprocessing = 0;
		};
		D5DA659A2ABF6F42006CBEE2 /* Sources */ = {
			isa = PBXSourcesBuildPhase;
			buildActionMask = 2147483647;
			files = (
				D5DA65A32ABF6F42006CBEE2 /* project_1Tests.swift in Sources */,
			);
			runOnlyForDeploymentPostprocessing = 0;
		};
		D5DA65A42ABF6F42006CBEE2 /* Sources */ = {
			isa = PBXSourcesBuildPhase;
			buildActionMask = 2147483647;
			files = (
				D5DA65AF2ABF6F42006CBEE2 /* project_1UITestsLaunchTests.swift in Sources */,
				D5DA65AD2ABF6F42006CBEE2 /* project_1UITests.swift in Sources */,
			);
			runOnlyForDeploymentPostprocessing = 0;
		};
/* End PBXSourcesBuildPhase section */

/* Begin PBXTargetDependency section */
		D5DA65A02ABF6F42006CBEE2 /* PBXTargetDependency */ = {
			isa = PBXTargetDependency;
			target = D5DA658A2ABF6F41006CBEE2 /* project 1 */;
			targetProxy = D5DA659F2ABF6F42006CBEE2 /* PBXContainerItemProxy */;
		};
		D5DA65AA2ABF6F42006CBEE2 /* PBXTargetDependency */ = {
			isa = PBXTargetDependency;
			target = D5DA658A2ABF6F41006CBEE2 /* project 1 */;
			targetProxy = D5DA65A92ABF6F42006CBEE2 /* PBXContainerItemProxy */;
		};
/* End PBXTargetDependency section */

/* Begin XCBuildConfiguration section */
		D5DA65B02ABF6F42006CBEE2 /* Debug */ = {
			isa = XCBuildConfiguration;
			buildSettings = {
				ALWAYS_SEARCH_USER_PATHS = NO;
				ASSETCATALOG_COMPILER_GENERATE_SWIFT_ASSET_SYMBOL_EXTENSIONS = YES;
				CLANG_ANALYZER_NONNULL = YES;
				CLANG_ANALYZER_NUMBER_OBJECT_CONVERSION = YES_AGGRESSIVE;
				CLANG_CXX_LANGUAGE_STANDARD = "gnu++20";
				CLANG_ENABLE_MODULES = YES;
				CLANG_ENABLE_OBJC_ARC = YES;
				CLANG_ENABLE_OBJC_WEAK = YES;
				CLANG_WARN_BLOCK_CAPTURE_AUTORELEASING = YES;
				CLANG_WARN_BOOL_CONVERSION = YES;
				CLANG_WARN_COMMA = YES;
				CLANG_WARN_CONSTANT_CONVERSION = YES;
				CLANG_WARN_DEPRECATED_OBJC_IMPLEMENTATIONS = YES;
				CLANG_WARN_DIRECT_OBJC_ISA_USAGE = YES_ERROR;
				CLANG_WARN_DOCUMENTATION_COMMENTS = YES;
				CLANG_WARN_EMPTY_BODY = YES;
				CLANG_WARN_ENUM_CONVERSION = YES;
				CLANG_WARN_INFINITE_RECURSION = YES;
				CLANG_WARN_INT_CONVERSION = YES;
				CLANG_WARN_NON_LITERAL_NULL_CONVERSION = YES;
				CLANG_WARN_OBJC_IMPLICIT_RETAIN_SELF = YES;
				CLANG_WARN_OBJC_LITERAL_CONVERSION = YES;
				CLANG_WARN_OBJC_ROOT_CLASS = YES_ERROR;
				CLANG_WARN_QUOTED_INCLUDE_IN_FRAMEWORK_HEADER = YES;
				CLANG_WARN_RANGE_LOOP_ANALYSIS = YES;
				CLANG_WARN_STRICT_PROTOTYPES = YES;
				CLANG_WARN_SUSPICIOUS_MOVE = YES;
				CLANG_WARN_UNGUARDED_AVAILABILITY = YES_AGGRESSIVE;
				CLANG_WARN_UNREACHABLE_CODE = YES;
				CLANG_WARN__DUPLICATE_METHOD_MATCH = YES;
				COPY_PHASE_STRIP = NO;
				DEBUG_INFORMATION_FORMAT = dwarf;
				ENABLE_STRICT_OBJC_MSGSEND = YES;
				ENABLE_TESTABILITY = YES;
				ENABLE_USER_SCRIPT_SANDBOXING = YES;
				GCC_C_LANGUAGE_STANDARD = gnu17;
				GCC_DYNAMIC_NO_PIC = NO;
				GCC_NO_COMMON_BLOCKS = YES;
				GCC_OPTIMIZATION_LEVEL = 0;
				GCC_PREPROCESSOR_DEFINITIONS = (
					"DEBUG=1",
					"$(inherited)",
				);
				GCC_WARN_64_TO_32_BIT_CONVERSION = YES;
				GCC_WARN_ABOUT_RETURN_TYPE = YES_ERROR;
				GCC_WARN_UNDECLARED_SELECTOR = YES;
				GCC_WARN_UNINITIALIZED_AUTOS = YES_AGGRESSIVE;
				GCC_WARN_UNUSED_FUNCTION = YES;
				GCC_WARN_UNUSED_VARIABLE = YES;
				LOCALIZATION_PREFERS_STRING_CATALOGS = YES;
				MTL_ENABLE_DEBUG_INFO = INCLUDE_SOURCE;
				MTL_FAST_MATH = YES;
				ONLY_ACTIVE_ARCH = YES;
				SWIFT_ACTIVE_COMPILATION_CONDITIONS = "DEBUG $(inherited)";
				SWIFT_OPTIMIZATION_LEVEL = "-Onone";
			};
			name = Debug;
		};
		D5DA65B12ABF6F42006CBEE2 /* Release */ = {
			isa = XCBuildConfiguration;
			buildSettings = {
				ALWAYS_SEARCH_USER_PATHS = NO;
				ASSETCATALOG_COMPILER_GENERATE_SWIFT_ASSET_SYMBOL_EXTENSIONS = YES;
				CLANG_ANALYZER_NONNULL = YES;
				CLANG_ANALYZER_NUMBER_OBJECT_CONVERSION = YES_AGGRESSIVE;
				CLANG_CXX_LANGUAGE_STANDARD = "gnu++20";
				CLANG_ENABLE_MODULES = YES;
				CLANG_ENABLE_OBJC_ARC = YES;
				CLANG_ENABLE_OBJC_WEAK = YES;
				CLANG_WARN_BLOCK_CAPTURE_AUTORELEASING = YES;
				CLANG_WARN_BOOL_CONVERSION = YES;
				CLANG_WARN_COMMA = YES;
				CLANG_WARN_CONSTANT_CONVERSION = YES;
				CLANG_WARN_DEPRECATED_OBJC_IMPLEMENTATIONS = YES;
				CLANG_WARN_DIRECT_OBJC_ISA_USAGE = YES_ERROR;
				CLANG_WARN_DOCUMENTATION_COMMENTS = YES;
				CLANG_WARN_EMPTY_BODY = YES;
				CLANG_WARN_ENUM_CONVERSION = YES;
				CLANG_WARN_INFINITE_RECURSION = YES;
				CLANG_WARN_INT_CONVERSION = YES;
				CLANG_WARN_NON_LITERAL_NULL_CONVERSION = YES;
				CLANG_WARN_OBJC_IMPLICIT_RETAIN_SELF = YES;
				CLANG_WARN_OBJC_LITERAL_CONVERSION = YES;
				CLANG_WARN_OBJC_ROOT_CLASS = YES_ERROR;
				CLANG_WARN_QUOTED_INCLUDE_IN_FRAMEWORK_HEADER = YES;
				CLANG_WARN_RANGE_LOOP_ANALYSIS = YES;
				CLANG_WARN_STRICT_PROTOTYPES = YES;
				CLANG_WARN_SUSPICIOUS_MOVE = YES;
				CLANG_WARN_UNGUARDED_AVAILABILITY = YES_AGGRESSIVE;
				CLANG_WARN_UNREACHABLE_CODE = YES;
				CLANG_WARN__DUPLICATE_METHOD_MATCH = YES;
				COPY_PHASE_STRIP = NO;
				DEBUG_INFORMATION_FORMAT = "dwarf-with-dsym";
				ENABLE_NS_ASSERTIONS = NO;
				ENABLE_STRICT_OBJC_MSGSEND = YES;
				ENABLE_USER_SCRIPT_SANDBOXING = YES;
				GCC_C_LANGUAGE_STANDARD = gnu17;
				GCC_NO_COMMON_BLOCKS = YES;
				GCC_WARN_64_TO_32_BIT_CONVERSION = YES;
				GCC_WARN_ABOUT_RETURN_TYPE = YES_ERROR;
				GCC_WARN_UNDECLARED_SELECTOR = YES;
				GCC_WARN_UNINITIALIZED_AUTOS = YES_AGGRESSIVE;
				GCC_WARN_UNUSED_FUNCTION = YES;
				GCC_WARN_UNUSED_VARIABLE = YES;
				LOCALIZATION_PREFERS_STRING_CATALOGS = YES;
				MTL_ENABLE_DEBUG_INFO = NO;
				MTL_FAST_MATH = YES;
				SWIFT_COMPILATION_MODE = wholemodule;
			};
			name = Release;
		};
		D5DA65B32ABF6F42006CBEE2 /* Debug */ = {
			isa = XCBuildConfiguration;
			buildSettings = {
				ASSETCATALOG_COMPILER_APPICON_NAME = AppIcon;
				ASSETCATALOG_COMPILER_GLOBAL_ACCENT_COLOR_NAME = AccentColor;
				CODE_SIGN_ENTITLEMENTS = "project 1/project_1.entitlements";
				CODE_SIGN_STYLE = Automatic;
				CURRENT_PROJECT_VERSION = 1;
				DEVELOPMENT_ASSET_PATHS = "\"project 1/Preview Content\"";
				DEVELOPMENT_TEAM = 2RM57HYM6H;
				ENABLE_HARDENED_RUNTIME = YES;
				ENABLE_PREVIEWS = YES;
				GENERATE_INFOPLIST_FILE = YES;
				"INFOPLIST_KEY_UIApplicationSceneManifest_Generation[sdk=iphoneos*]" = YES;
				"INFOPLIST_KEY_UIApplicationSceneManifest_Generation[sdk=iphonesimulator*]" = YES;
				"INFOPLIST_KEY_UIApplicationSupportsIndirectInputEvents[sdk=iphoneos*]" = YES;
				"INFOPLIST_KEY_UIApplicationSupportsIndirectInputEvents[sdk=iphonesimulator*]" = YES;
				"INFOPLIST_KEY_UILaunchScreen_Generation[sdk=iphoneos*]" = YES;
				"INFOPLIST_KEY_UILaunchScreen_Generation[sdk=iphonesimulator*]" = YES;
				"INFOPLIST_KEY_UIStatusBarStyle[sdk=iphoneos*]" = UIStatusBarStyleDefault;
				"INFOPLIST_KEY_UIStatusBarStyle[sdk=iphonesimulator*]" = UIStatusBarStyleDefault;
				INFOPLIST_KEY_UISupportedInterfaceOrientations_iPad = "UIInterfaceOrientationPortrait UIInterfaceOrientationPortraitUpsideDown UIInterfaceOrientationLandscapeLeft UIInterfaceOrientationLandscapeRight";
				INFOPLIST_KEY_UISupportedInterfaceOrientations_iPhone = "UIInterfaceOrientationPortrait UIInterfaceOrientationLandscapeLeft UIInterfaceOrientationLandscapeRight";
				IPHONEOS_DEPLOYMENT_TARGET = 17.0;
				LD_RUNPATH_SEARCH_PATHS = "@executable_path/Frameworks";
				"LD_RUNPATH_SEARCH_PATHS[sdk=macosx*]" = "@executable_path/../Frameworks";
				MACOSX_DEPLOYMENT_TARGET = 14.0;
				MARKETING_VERSION = 1.0;
				PRODUCT_BUNDLE_IDENTIFIER = "io.reynelz.project-1";
				PRODUCT_NAME = "$(TARGET_NAME)";
				SDKROOT = auto;
				SUPPORTED_PLATFORMS = "iphoneos iphonesimulator macosx";
				SWIFT_EMIT_LOC_STRINGS = YES;
				SWIFT_VERSION = 5.0;
				TARGETED_DEVICE_FAMILY = "1,2";
			};
			name = Debug;
		};
		D5DA65B42ABF6F42006CBEE2 /* Release */ = {
			isa = XCBuildConfiguration;
			buildSettings = {
				ASSETCATALOG_COMPILER_APPICON_NAME = AppIcon;
				ASSETCATALOG_COMPILER_GLOBAL_ACCENT_COLOR_NAME = AccentColor;
				CODE_SIGN_ENTITLEMENTS = "project 1/project_1.entitlements";
				CODE_SIGN_STYLE = Automatic;
				CURRENT_PROJECT_VERSION = 1;
				DEVELOPMENT_ASSET_PATHS = "\"project 1/Preview Content\"";
				DEVELOPMENT_TEAM = 2RM57HYM6H;
				ENABLE_HARDENED_RUNTIME = YES;
				ENABLE_PREVIEWS = YES;
				GENERATE_INFOPLIST_FILE = YES;
				"INFOPLIST_KEY_UIApplicationSceneManifest_Generation[sdk=iphoneos*]" = YES;
				"INFOPLIST_KEY_UIApplicationSceneManifest_Generation[sdk=iphonesimulator*]" = YES;
				"INFOPLIST_KEY_UIApplicationSupportsIndirectInputEvents[sdk=iphoneos*]" = YES;
				"INFOPLIST_KEY_UIApplicationSupportsIndirectInputEvents[sdk=iphonesimulator*]" = YES;
				"INFOPLIST_KEY_UILaunchScreen_Generation[sdk=iphoneos*]" = YES;
				"INFOPLIST_KEY_UILaunchScreen_Generation[sdk=iphonesimulator*]" = YES;
				"INFOPLIST_KEY_UIStatusBarStyle[sdk=iphoneos*]" = UIStatusBarStyleDefault;
				"INFOPLIST_KEY_UIStatusBarStyle[sdk=iphonesimulator*]" = UIStatusBarStyleDefault;
				INFOPLIST_KEY_UISupportedInterfaceOrientations_iPad = "UIInterfaceOrientationPortrait UIInterfaceOrientationPortraitUpsideDown UIInterfaceOrientationLandscapeLeft UIInterfaceOrientationLandscapeRight";
				INFOPLIST_KEY_UISupportedInterfaceOrientations_iPhone = "UIInterfaceOrientationPortrait UIInterfaceOrientationLandscapeLeft UIInterfaceOrientationLandscapeRight";
				IPHONEOS_DEPLOYMENT_TARGET = 17.0;
				LD_RUNPATH_SEARCH_PATHS = "@executable_path/Frameworks";
				"LD_RUNPATH_SEARCH_PATHS[sdk=macosx*]" = "@executable_path/../Frameworks";
				MACOSX_DEPLOYMENT_TARGET = 14.0;
				MARKETING_VERSION = 1.0;
				PRODUCT_BUNDLE_IDENTIFIER = "io.reynelz.project-1";
				PRODUCT_NAME = "$(TARGET_NAME)";
				SDKROOT = auto;
				SUPPORTED_PLATFORMS = "iphoneos iphonesimulator macosx";
				SWIFT_EMIT_LOC_STRINGS = YES;
				SWIFT_VERSION = 5.0;
				TARGETED_DEVICE_FAMILY = "1,2";
			};
			name = Release;
		};
		D5DA65B62ABF6F42006CBEE2 /* Debug */ = {
			isa = XCBuildConfiguration;
			buildSettings = {
				ALWAYS_EMBED_SWIFT_STANDARD_LIBRARIES = YES;
				BUNDLE_LOADER = "$(TEST_HOST)";
				CODE_SIGN_STYLE = Automatic;
				CURRENT_PROJECT_VERSION = 1;
				DEVELOPMENT_TEAM = 2RM57HYM6H;
				GENERATE_INFOPLIST_FILE = YES;
				IPHONEOS_DEPLOYMENT_TARGET = 17.0;
				MACOSX_DEPLOYMENT_TARGET = 13.5;
				MARKETING_VERSION = 1.0;
				PRODUCT_BUNDLE_IDENTIFIER = "io.reynelz.project-1Tests";
				PRODUCT_NAME = "$(TARGET_NAME)";
				SDKROOT = auto;
				SUPPORTED_PLATFORMS = "iphoneos iphonesimulator macosx";
				SWIFT_EMIT_LOC_STRINGS = NO;
				SWIFT_VERSION = 5.0;
				TARGETED_DEVICE_FAMILY = "1,2";
				TEST_HOST = "$(BUILT_PRODUCTS_DIR)/project 1.app/$(BUNDLE_EXECUTABLE_FOLDER_PATH)/project 1";
			};
			name = Debug;
		};
		D5DA65B72ABF6F42006CBEE2 /* Release */ = {
			isa = XCBuildConfiguration;
			buildSettings = {
				ALWAYS_EMBED_SWIFT_STANDARD_LIBRARIES = YES;
				BUNDLE_LOADER = "$(TEST_HOST)";
				CODE_SIGN_STYLE = Automatic;
				CURRENT_PROJECT_VERSION = 1;
				DEVELOPMENT_TEAM = 2RM57HYM6H;
				GENERATE_INFOPLIST_FILE = YES;
				IPHONEOS_DEPLOYMENT_TARGET = 17.0;
				MACOSX_DEPLOYMENT_TARGET = 13.5;
				MARKETING_VERSION = 1.0;
				PRODUCT_BUNDLE_IDENTIFIER = "io.reynelz.project-1Tests";
				PRODUCT_NAME = "$(TARGET_NAME)";
				SDKROOT = auto;
				SUPPORTED_PLATFORMS = "iphoneos iphonesimulator macosx";
				SWIFT_EMIT_LOC_STRINGS = NO;
				SWIFT_VERSION = 5.0;
				TARGETED_DEVICE_FAMILY = "1,2";
				TEST_HOST = "$(BUILT_PRODUCTS_DIR)/project 1.app/$(BUNDLE_EXECUTABLE_FOLDER_PATH)/project 1";
			};
			name = Release;
		};
		D5DA65B92ABF6F42006CBEE2 /* Debug */ = {
			isa = XCBuildConfiguration;
			buildSettings = {
				ALWAYS_EMBED_SWIFT_STANDARD_LIBRARIES = YES;
				CODE_SIGN_STYLE = Automatic;
				CURRENT_PROJECT_VERSION = 1;
				DEVELOPMENT_TEAM = 2RM57HYM6H;
				GENERATE_INFOPLIST_FILE = YES;
				IPHONEOS_DEPLOYMENT_TARGET = 17.0;
				MACOSX_DEPLOYMENT_TARGET = 13.5;
				MARKETING_VERSION = 1.0;
				PRODUCT_BUNDLE_IDENTIFIER = "io.reynelz.project-1UITests";
				PRODUCT_NAME = "$(TARGET_NAME)";
				SDKROOT = auto;
				SUPPORTED_PLATFORMS = "iphoneos iphonesimulator macosx";
				SWIFT_EMIT_LOC_STRINGS = NO;
				SWIFT_VERSION = 5.0;
				TARGETED_DEVICE_FAMILY = "1,2";
				TEST_TARGET_NAME = "project 1";
			};
			name = Debug;
		};
		D5DA65BA2ABF6F42006CBEE2 /* Release */ = {
			isa = XCBuildConfiguration;
			buildSettings = {
				ALWAYS_EMBED_SWIFT_STANDARD_LIBRARIES = YES;
				CODE_SIGN_STYLE = Automatic;
				CURRENT_PROJECT_VERSION = 1;
				DEVELOPMENT_TEAM = 2RM57HYM6H;
				GENERATE_INFOPLIST_FILE = YES;
				IPHONEOS_DEPLOYMENT_TARGET = 17.0;
				MACOSX_DEPLOYMENT_TARGET = 13.5;
				MARKETING_VERSION = 1.0;
				PRODUCT_BUNDLE_IDENTIFIER = "io.reynelz.project-1UITests";
				PRODUCT_NAME = "$(TARGET_NAME)";
				SDKROOT = auto;
				SUPPORTED_PLATFORMS = "iphoneos iphonesimulator macosx";
				SWIFT_EMIT_LOC_STRINGS = NO;
				SWIFT_VERSION = 5.0;
				TARGETED_DEVICE_FAMILY = "1,2";
				TEST_TARGET_NAME = "project 1";
			};
			name = Release;
		};
/* End XCBuildConfiguration section */

/* Begin XCConfigurationList section */
		D5DA65862ABF6F41006CBEE2 /* Build configuration list for PBXProject "project 1" */ = {
			isa = XCConfigurationList;
			buildConfigurations = (
				D5DA65B02ABF6F42006CBEE2 /* Debug */,
				D5DA65B12ABF6F42006CBEE2 /* Release */,
			);
			defaultConfigurationIsVisible = 0;
			defaultConfigurationName = Release;
		};
		D5DA65B22ABF6F42006CBEE2 /* Build configuration list for PBXNativeTarget "project 1" */ = {
			isa = XCConfigurationList;
			buildConfigurations = (
				D5DA65B32ABF6F42006CBEE2 /* Debug */,
				D5DA65B42ABF6F42006CBEE2 /* Release */,
			);
			defaultConfigurationIsVisible = 0;
			defaultConfigurationName = Release;
		};
		D5DA65B52ABF6F42006CBEE2 /* Build configuration list for PBXNativeTarget "project 1Tests" */ = {
			isa = XCConfigurationList;
			buildConfigurations = (
				D5DA65B62ABF6F42006CBEE2 /* Debug */,
				D5DA65B72ABF6F42006CBEE2 /* Release */,
			);
			defaultConfigurationIsVisible = 0;
			defaultConfigurationName = Release;
		};
		D5DA65B82ABF6F42006CBEE2 /* Build configuration list for PBXNativeTarget "project 1UITests" */ = {
			isa = XCConfigurationList;
			buildConfigurations = (
				D5DA65B92ABF6F42006CBEE2 /* Debug */,
				D5DA65BA2ABF6F42006CBEE2 /* Release */,
			);
			defaultConfigurationIsVisible = 0;
			defaultConfigurationName = Release;
		};
/* End XCConfigurationList section */
	};
	rootObject = D5DA65832ABF6F41006CBEE2 /* Project object */;
}
